
Microsoft Visual Studio Solution File, Format Version 12.00
# Visual Studio Version 16
VisualStudioVersion = 16.0.30104.148
MinimumVisualStudioVersion = 10.0.40219.1
Project("{FAE04EC0-301F-11D3-BF4B-00C04F79EFBC}") = "Playground.CodeGenerators", "Playground.CodeGenerators\Playground.CodeGenerators.csproj", "{06F4A850-3A25-4130-994C-2F39BCD98C0D}"
EndProject
Project("{FAE04EC0-301F-11D3-BF4B-00C04F79EFBC}") = "Playground.CodeGenConsole", "Playground.CodeGenConsole\Playground.CodeGenConsole.csproj", "{9C24B7E9-EF0B-4072-BB8F-EEA513B84194}"
EndProject
Global
	GlobalSection(SolutionConfigurationPlatforms) = preSolution
		Debug|Any CPU = Debug|Any CPU
		Release|Any CPU = Release|Any CPU
	EndGlobalSection
	GlobalSection(ProjectConfigurationPlatforms) = postSolution
		{06F4A850-3A25-4130-994C-2F39BCD98C0D}.Debug|Any CPU.ActiveCfg = Debug|Any CPU
		{06F4A850-3A25-4130-994C-2F39BCD98C0D}.Debug|Any CPU.Build.0 = Debug|Any CPU
		{06F4A850-3A25-4130-994C-2F39BCD98C0D}.Release|Any CPU.ActiveCfg = Release|Any CPU
		{06F4A850-3A25-4130-994C-2F39BCD98C0D}.Release|Any CPU.Build.0 = Release|Any CPU
		{9C24B7E9-EF0B-4072-BB8F-EEA513B84194}.Debug|Any CPU.ActiveCfg = Debug|Any CPU
		{9C24B7E9-EF0B-4072-BB8F-EEA513B84194}.Debug|Any CPU.Build.0 = Debug|Any CPU
		{9C24B7E9-EF0B-4072-BB8F-EEA513B84194}.Release|Any CPU.ActiveCfg = Release|Any CPU
		{9C24B7E9-EF0B-4072-BB8F-EEA513B84194}.Release|Any CPU.Build.0 = Release|Any CPU
	EndGlobalSection
	GlobalSection(SolutionProperties) = preSolution
		HideSolutionNode = FALSE
	EndGlobalSection
	GlobalSection(ExtensibilityGlobals) = postSolution
		SolutionGuid = {FE1C3132-E957-4006-BC26-155C0CFA9D5C}
	EndGlobalSection
EndGlobal
